
Microsoft Visual Studio Solution File, Format Version 12.00
# Visual Studio 2012
Project("{FAE04EC0-301F-11D3-BF4B-00C04F79EFBC}") = "Meta.Net", "Meta.Net\Meta.Net.csproj", "{FBB67B0B-DAFB-4716-AA62-FE5E5E787BA8}"
EndProject
Project("{2150E333-8FDC-42A3-9474-1A3956D46DE8}") = ".nuget", ".nuget", "{CE56922C-82D8-451B-BDA5-84D8BD693073}"
	ProjectSection(SolutionItems) = preProject
		.nuget\NuGet.Config = .nuget\NuGet.Config
		.nuget\NuGet.exe = .nuget\NuGet.exe
		.nuget\NuGet.targets = .nuget\NuGet.targets
	EndProjectSection
EndProject
Project("{FAE04EC0-301F-11D3-BF4B-00C04F79EFBC}") = "PerCederberg", "PerCederberg\PerCederberg\PerCederberg.csproj", "{103D2F4E-E8F2-4D02-9707-58E00AD23FE7}"
EndProject
Project("{FAE04EC0-301F-11D3-BF4B-00C04F79EFBC}") = "Meta.Net.TestConsole", "Meta.Net.TestConsole\Meta.Net.TestConsole.csproj", "{FAF0F2A9-DA43-4946-A10D-8D28B0E0AB86}"
EndProject
Project("{FAE04EC0-301F-11D3-BF4B-00C04F79EFBC}") = "Meta.Net.Sync", "Meta.Net.Sync\Meta.Net.Sync.csproj", "{73F80BD6-8954-4258-8479-A84012D2F447}"
EndProject
Project("{FAE04EC0-301F-11D3-BF4B-00C04F79EFBC}") = "Meta.Net.SqlServer", "Meta.Net.SqlServer\Meta.Net.SqlServer.csproj", "{0C76C5DF-F821-49D9-8DF0-C77282B8FE58}"
EndProject
Project("{FAE04EC0-301F-11D3-BF4B-00C04F79EFBC}") = "Meta.Net.MySql", "Meta.Net.MySql\Meta.Net.MySql.csproj", "{CBF5C201-EE6E-496D-BAD6-FE06A7B51336}"
EndProject
Global
	GlobalSection(SolutionConfigurationPlatforms) = preSolution
		Debug|Any CPU = Debug|Any CPU
		Debug2|Any CPU = Debug2|Any CPU
		Release|Any CPU = Release|Any CPU
	EndGlobalSection
	GlobalSection(ProjectConfigurationPlatforms) = postSolution
		{FBB67B0B-DAFB-4716-AA62-FE5E5E787BA8}.Debug|Any CPU.ActiveCfg = Debug|Any CPU
		{FBB67B0B-DAFB-4716-AA62-FE5E5E787BA8}.Debug|Any CPU.Build.0 = Debug|Any CPU
		{FBB67B0B-DAFB-4716-AA62-FE5E5E787BA8}.Debug2|Any CPU.ActiveCfg = Debug|Any CPU
		{FBB67B0B-DAFB-4716-AA62-FE5E5E787BA8}.Debug2|Any CPU.Build.0 = Debug|Any CPU
		{FBB67B0B-DAFB-4716-AA62-FE5E5E787BA8}.Release|Any CPU.ActiveCfg = Release|Any CPU
		{FBB67B0B-DAFB-4716-AA62-FE5E5E787BA8}.Release|Any CPU.Build.0 = Release|Any CPU
		{103D2F4E-E8F2-4D02-9707-58E00AD23FE7}.Debug|Any CPU.ActiveCfg = Debug|Any CPU
		{103D2F4E-E8F2-4D02-9707-58E00AD23FE7}.Debug|Any CPU.Build.0 = Debug|Any CPU
		{103D2F4E-E8F2-4D02-9707-58E00AD23FE7}.Debug2|Any CPU.ActiveCfg = Debug2|Any CPU
		{103D2F4E-E8F2-4D02-9707-58E00AD23FE7}.Debug2|Any CPU.Build.0 = Debug2|Any CPU
		{103D2F4E-E8F2-4D02-9707-58E00AD23FE7}.Release|Any CPU.ActiveCfg = Release|Any CPU
		{103D2F4E-E8F2-4D02-9707-58E00AD23FE7}.Release|Any CPU.Build.0 = Release|Any CPU
		{FAF0F2A9-DA43-4946-A10D-8D28B0E0AB86}.Debug|Any CPU.ActiveCfg = Debug|Any CPU
		{FAF0F2A9-DA43-4946-A10D-8D28B0E0AB86}.Debug|Any CPU.Build.0 = Debug|Any CPU
		{FAF0F2A9-DA43-4946-A10D-8D28B0E0AB86}.Debug2|Any CPU.ActiveCfg = Debug|Any CPU
		{FAF0F2A9-DA43-4946-A10D-8D28B0E0AB86}.Debug2|Any CPU.Build.0 = Debug|Any CPU
		{FAF0F2A9-DA43-4946-A10D-8D28B0E0AB86}.Release|Any CPU.ActiveCfg = Release|Any CPU
		{FAF0F2A9-DA43-4946-A10D-8D28B0E0AB86}.Release|Any CPU.Build.0 = Release|Any CPU
		{73F80BD6-8954-4258-8479-A84012D2F447}.Debug|Any CPU.ActiveCfg = Debug|Any CPU
		{73F80BD6-8954-4258-8479-A84012D2F447}.Debug|Any CPU.Build.0 = Debug|Any CPU
		{73F80BD6-8954-4258-8479-A84012D2F447}.Debug2|Any CPU.ActiveCfg = Debug|Any CPU
		{73F80BD6-8954-4258-8479-A84012D2F447}.Debug2|Any CPU.Build.0 = Debug|Any CPU
		{73F80BD6-8954-4258-8479-A84012D2F447}.Release|Any CPU.ActiveCfg = Release|Any CPU
		{73F80BD6-8954-4258-8479-A84012D2F447}.Release|Any CPU.Build.0 = Release|Any CPU
		{0C76C5DF-F821-49D9-8DF0-C77282B8FE58}.Debug|Any CPU.ActiveCfg = Debug|Any CPU
		{0C76C5DF-F821-49D9-8DF0-C77282B8FE58}.Debug|Any CPU.Build.0 = Debug|Any CPU
		{0C76C5DF-F821-49D9-8DF0-C77282B8FE58}.Debug2|Any CPU.ActiveCfg = Debug|Any CPU
		{0C76C5DF-F821-49D9-8DF0-C77282B8FE58}.Debug2|Any CPU.Build.0 = Debug|Any CPU
		{0C76C5DF-F821-49D9-8DF0-C77282B8FE58}.Release|Any CPU.ActiveCfg = Release|Any CPU
		{0C76C5DF-F821-49D9-8DF0-C77282B8FE58}.Release|Any CPU.Build.0 = Release|Any CPU
		{CBF5C201-EE6E-496D-BAD6-FE06A7B51336}.Debug|Any CPU.ActiveCfg = Debug|Any CPU
		{CBF5C201-EE6E-496D-BAD6-FE06A7B51336}.Debug|Any CPU.Build.0 = Debug|Any CPU
		{CBF5C201-EE6E-496D-BAD6-FE06A7B51336}.Debug2|Any CPU.ActiveCfg = Debug|Any CPU
		{CBF5C201-EE6E-496D-BAD6-FE06A7B51336}.Debug2|Any CPU.Build.0 = Debug|Any CPU
		{CBF5C201-EE6E-496D-BAD6-FE06A7B51336}.Release|Any CPU.ActiveCfg = Release|Any CPU
		{CBF5C201-EE6E-496D-BAD6-FE06A7B51336}.Release|Any CPU.Build.0 = Release|Any CPU
	EndGlobalSection
	GlobalSection(SolutionProperties) = preSolution
		HideSolutionNode = FALSE
	EndGlobalSection
EndGlobal
